{
    "name": "circuitjson-toolkit",
    "version": "1.0.17",
    "lockfileVersion": 3,
    "requires": true,
    "packages": {
        "": {
            "name": "circuitjson-toolkit",
            "version": "1.0.17",
            "license": "AGPL-3.0-or-later",
            "devDependencies": {
                "circuit-json": "0.0.446",
                "prettier": "^3.4.2"
            },
            "engines": {
                "node": ">=20"
            }
        },
        "node_modules/circuit-json": {
            "version": "0.0.446",
            "resolved": "https://registry.npmjs.org/circuit-json/-/circuit-json-0.0.446.tgz",
            "integrity": "sha512-QH4nzxdUXe3T4znluJZSCgFZM/CEswOTCPetAaJ1tPpbiF2mDVuG92qJ94YRyT6dyWH1bwTAO3JzwMEoHcXdaA==",
            "dev": true,
            "license": "ISC"
        },
        "node_modules/prettier": {
            "version": "3.8.3",
            "resolved": "https://registry.npmjs.org/prettier/-/prettier-3.8.3.tgz",
            "integrity": "sha512-7igPTM53cGHMW8xWuVTydi2KO233VFiTNyF5hLJqpilHfmn8C8gPf+PS7dUT64YcXFbiMGZxS9pCSxL/Dxm/Jw==",
            "dev": true,
            "license": "MIT",
            "bin": {
                "prettier": "bin/prettier.cjs"
            },
            "engines": {
                "node": ">=14"
            },
            "funding": {
                "url": "https://github.com/prettier/prettier?sponsor=1"
            }
        }
    }
}
