{
    "name": "circuitjson-toolkit",
    "version": "1.1.2",
    "lockfileVersion": 3,
    "requires": true,
    "packages": {
        "": {
            "name": "circuitjson-toolkit",
            "version": "1.1.2",
            "license": "AGPL-3.0-or-later",
            "devDependencies": {
                "circuit-json": "0.0.446",
                "format-si-unit": "0.0.7",
                "prettier": "^3.4.2",
                "zod": "3.25.76"
            },
            "engines": {
                "node": ">=20"
            }
        },
        "node_modules/circuit-json": {
            "version": "0.0.446",
            "resolved": "https://registry.npmjs.org/circuit-json/-/circuit-json-0.0.446.tgz",
            "integrity": "sha512-QH4nzxdUXe3T4znluJZSCgFZM/CEswOTCPetAaJ1tPpbiF2mDVuG92qJ94YRyT6dyWH1bwTAO3JzwMEoHcXdaA==",
            "dev": true,
            "license": "ISC"
        },
        "node_modules/format-si-unit": {
            "version": "0.0.7",
            "resolved": "https://registry.npmjs.org/format-si-unit/-/format-si-unit-0.0.7.tgz",
            "integrity": "sha512-wTi2TqGqPG9LvUwhshiMlaert+1kWtxMEzIpKIkVbmOz4bopcDtqpDKV06JT6xpGIquOSFbkV1fQoMHq6UJZ1g==",
            "dev": true,
            "peerDependencies": {
                "typescript": "^5.0.0"
            }
        },
        "node_modules/prettier": {
            "version": "3.8.3",
            "resolved": "https://registry.npmjs.org/prettier/-/prettier-3.8.3.tgz",
            "integrity": "sha512-7igPTM53cGHMW8xWuVTydi2KO233VFiTNyF5hLJqpilHfmn8C8gPf+PS7dUT64YcXFbiMGZxS9pCSxL/Dxm/Jw==",
            "dev": true,
            "license": "MIT",
            "bin": {
                "prettier": "bin/prettier.cjs"
            },
            "engines": {
                "node": ">=14"
            },
            "funding": {
                "url": "https://github.com/prettier/prettier?sponsor=1"
            }
        },
        "node_modules/typescript": {
            "version": "5.9.3",
            "resolved": "https://registry.npmjs.org/typescript/-/typescript-5.9.3.tgz",
            "integrity": "sha512-jl1vZzPDinLr9eUt3J/t7V6FgNEw9QjvBPdysz9KfQDD41fQrC2Y4vKQdiaUpFT4bXlb1RHhLpp8wtm6M5TgSw==",
            "dev": true,
            "license": "Apache-2.0",
            "peer": true,
            "bin": {
                "tsc": "bin/tsc",
                "tsserver": "bin/tsserver"
            },
            "engines": {
                "node": ">=14.17"
            }
        },
        "node_modules/zod": {
            "version": "3.25.76",
            "resolved": "https://registry.npmjs.org/zod/-/zod-3.25.76.tgz",
            "integrity": "sha512-gzUt/qt81nXsFGKIFcC3YnfEAx5NkunCfnDlvuBSSFS02bcXu4Lmea0AFIUwbLWxWPx3d9p8S5QoaujKcNQxcQ==",
            "dev": true,
            "license": "MIT",
            "funding": {
                "url": "https://github.com/sponsors/colinhacks"
            }
        }
    }
}
